
Microsoft Visual Studio Solution File, Format Version 12.00
# Visual Studio Version 17
VisualStudioVersion = 17.4.33122.133
MinimumVisualStudioVersion = 10.0.40219.1
Project("{FAE04EC0-301F-11D3-BF4B-00C04F79EFBC}") = "Test", "Test\Test.csproj", "{B261BFB3-3700-40A1-BD81-2B576E53899F}"
EndProject
Global
	GlobalSection(SolutionConfigurationPlatforms) = preSolution
		Debug|Any CPU = Debug|Any CPU
		Release|Any CPU = Release|Any CPU
	EndGlobalSection
	GlobalSection(ProjectConfigurationPlatforms) = postSolution
		{B261BFB3-3700-40A1-BD81-2B576E53899F}.Debug|Any CPU.ActiveCfg = Debug|Any CPU
		{B261BFB3-3700-40A1-BD81-2B576E53899F}.Debug|Any CPU.Build.0 = Debug|Any CPU
		{B261BFB3-3700-40A1-BD81-2B576E53899F}.Release|Any CPU.ActiveCfg = Release|Any CPU
		{B261BFB3-3700-40A1-BD81-2B576E53899F}.Release|Any CPU.Build.0 = Release|Any CPU
	EndGlobalSection
	GlobalSection(SolutionProperties) = preSolution
		HideSolutionNode = FALSE
	EndGlobalSection
	GlobalSection(ExtensibilityGlobals) = postSolution
		SolutionGuid = {A3B1A4AD-D869-4B44-A0E9-F46FC043AEF4}
	EndGlobalSection
EndGlobal
